{
  "name": "@definejs/navigator",
  "version": "0.1.7",
  "lockfileVersion": 1,
  "requires": true,
  "dependencies": {
    "@definejs/emitter": {
      "version": "1.0.0",
      "resolved": "https://registry.npmjs.org/@definejs/emitter/-/emitter-1.0.0.tgz",
      "integrity": "sha512-FQci+86yOdx/M36aHP+/xevwcb0iiaVw5lZgkcT8WLyZescOVAiFa4k2ToTA2kkM1yzRFXUY/0oHc8Sc5gXfWQ==",
      "requires": {
        "@definejs/object": "^1.1.0",
        "@definejs/tree": "^1.0.0"
      },
      "dependencies": {
        "@definejs/object": {
          "version": "1.1.0",
          "resolved": "https://registry.npmjs.org/@definejs/object/-/object-1.1.0.tgz",
          "integrity": "sha512-3U9yjE0a4oFXR6n19VXZB0W5lpHZRox39vjV2sE288OCMv1L6KLreEdGi0Hmo5w490KHpT9Gtvtkz4Xih7D6ug=="
        }
      }
    },
    "@definejs/hash": {
      "version": "1.0.0",
      "resolved": "https://registry.npmjs.org/@definejs/hash/-/hash-1.0.0.tgz",
      "integrity": "sha512-amJ6TD193Pfgqx6TLhiRaxJv4N84Wk3gEsynEq0Z9UecVLH1FXNOdULN5aEVfQ5zzgEiWwu0bX3bVKHhBacp4g==",
      "requires": {
        "@definejs/object": "^1.1.0",
        "@definejs/query": "^1.0.0"
      },
      "dependencies": {
        "@definejs/object": {
          "version": "1.1.0",
          "resolved": "https://registry.npmjs.org/@definejs/object/-/object-1.1.0.tgz",
          "integrity": "sha512-3U9yjE0a4oFXR6n19VXZB0W5lpHZRox39vjV2sE288OCMv1L6KLreEdGi0Hmo5w490KHpT9Gtvtkz4Xih7D6ug=="
        }
      }
    },
    "@definejs/object": {
      "version": "1.1.0",
      "resolved": "https://registry.npmjs.org/@definejs/object/-/object-1.1.0.tgz",
      "integrity": "sha512-3U9yjE0a4oFXR6n19VXZB0W5lpHZRox39vjV2sE288OCMv1L6KLreEdGi0Hmo5w490KHpT9Gtvtkz4Xih7D6ug=="
    },
    "@definejs/query": {
      "version": "1.0.0",
      "resolved": "https://registry.npmjs.org/@definejs/query/-/query-1.0.0.tgz",
      "integrity": "sha512-s8us9hzCw7X8Dkjw3R7wSpCgmySv1quMDE2UP2ECsZWBJj2ba9QQOv6xrcRuuGZor9+fcPGo741rx2smnr+Vug==",
      "requires": {
        "@definejs/object": "^1.1.0",
        "@definejs/string": "^1.0.0"
      },
      "dependencies": {
        "@definejs/object": {
          "version": "1.1.0",
          "resolved": "https://registry.npmjs.org/@definejs/object/-/object-1.1.0.tgz",
          "integrity": "sha512-3U9yjE0a4oFXR6n19VXZB0W5lpHZRox39vjV2sE288OCMv1L6KLreEdGi0Hmo5w490KHpT9Gtvtkz4Xih7D6ug=="
        },
        "@definejs/string": {
          "version": "1.0.0",
          "resolved": "https://registry.npmjs.org/@definejs/string/-/string-1.0.0.tgz",
          "integrity": "sha512-w07CpqHYu6th6y+n5jic6ZUdiB19GPzuq8LGHqpSky8R28ugA1uIDkFodd5tt9dokD00pLd4nFY6bO8JuLYxxQ=="
        }
      }
    },
    "@definejs/session-storage": {
      "version": "1.0.0",
      "resolved": "https://registry.npmjs.org/@definejs/session-storage/-/session-storage-1.0.0.tgz",
      "integrity": "sha512-ezICmU1ejypdNnAIxRg9xOBT20lsu7NzRoFniVipYVj6vPZ2NsUDDAWYnxaMcVK3xeZSGXj5TUewx+eKdzST7Q==",
      "requires": {
        "@definejs/object": "^1.1.0",
        "circular-json": "^0.5.9"
      }
    },
    "@definejs/string": {
      "version": "1.0.0",
      "resolved": "https://registry.npmjs.org/@definejs/string/-/string-1.0.0.tgz",
      "integrity": "sha512-w07CpqHYu6th6y+n5jic6ZUdiB19GPzuq8LGHqpSky8R28ugA1uIDkFodd5tt9dokD00pLd4nFY6bO8JuLYxxQ=="
    },
    "@definejs/tree": {
      "version": "1.0.0",
      "resolved": "https://registry.npmjs.org/@definejs/tree/-/tree-1.0.0.tgz",
      "integrity": "sha512-mQbo/4dBu2HMN5WvVQv1Pb8Wn6rDA8mT0+LLUfFe4bf5Dq/Ni8Vdvb37yqGWx6h7SK+8RRae7JM9aJkXNRcYxw=="
    },
    "circular-json": {
      "version": "0.5.9",
      "resolved": "https://registry.npmjs.org/circular-json/-/circular-json-0.5.9.tgz",
      "integrity": "sha512-4ivwqHpIFJZBuhN3g/pEcdbnGUywkBblloGbkglyloVjjR3uT6tieI89MVOfbP2tHX5sgb01FuLgAOzebNlJNQ=="
    }
  }
}
