{
  "name": "@definejs/navigator",
  "version": "0.1.5",
  "lockfileVersion": 1,
  "requires": true,
  "dependencies": {
    "@definejs/emitter": {
      "version": "0.1.4",
      "resolved": "https://registry.npmjs.org/@definejs/emitter/-/emitter-0.1.4.tgz",
      "integrity": "sha512-vg23Vqhdg3ifYT+SzDOjrIFTMDcivDZUWDo5c5AHyX5L5TsjWaEos3rOoX3FmPit0lEY0mCMVAeW4kT2c43N+w==",
      "requires": {
        "@definejs/object": "^0.1.2",
        "@definejs/tree": "^0.1.4"
      }
    },
    "@definejs/hash": {
      "version": "0.1.4",
      "resolved": "https://registry.npmjs.org/@definejs/hash/-/hash-0.1.4.tgz",
      "integrity": "sha512-XVSi76ZXvmNZ7HW2XG0PmH9zKhzMRUkjJ3lf31VcxsPTTY6bHKQxfbzTo3cwpY2fbo8mWTPMGfmg2YulRbE4vA==",
      "requires": {
        "@definejs/object": "^0.1.2",
        "@definejs/query": "^0.1.0"
      }
    },
    "@definejs/object": {
      "version": "0.1.7",
      "resolved": "https://registry.npmjs.org/@definejs/object/-/object-0.1.7.tgz",
      "integrity": "sha512-Km1+636onFmYOTFMPEYK5tjnYlvIk+cGS/eGV/k5YF4fMoZMIouY8MiBtb5Gn5iUKlepr/iFeqCZ6vci6gYFxQ=="
    },
    "@definejs/query": {
      "version": "0.1.1",
      "resolved": "https://registry.npmjs.org/@definejs/query/-/query-0.1.1.tgz",
      "integrity": "sha512-l9umbqRzj2vhauGyOElZyBO4rsb/vRXOen6J7/2wE9zLSefJfnhPCoo1CrlmAEveQM+bWdYebpSzlBt/CXQiKg==",
      "requires": {
        "@definejs/object": "^0.1.2",
        "@definejs/string": "^0.1.1"
      }
    },
    "@definejs/session-storage": {
      "version": "0.1.2",
      "resolved": "https://registry.npmjs.org/@definejs/session-storage/-/session-storage-0.1.2.tgz",
      "integrity": "sha512-dO3g/GgWvIx8MSUrlq1IJfn+vP0UnvvRZT7tuo1yx/ZdDfvIfbl/3bHUd9wxqNY2WeWnnzkFxtel864+24hB1g==",
      "requires": {
        "@definejs/object": "^0.1.5",
        "circular-json": "^0.5.9"
      }
    },
    "@definejs/string": {
      "version": "0.1.5",
      "resolved": "https://registry.npmjs.org/@definejs/string/-/string-0.1.5.tgz",
      "integrity": "sha512-vQBMujgfLJdZOoxizeJUO87n50z/wQIkiwnFedChl8H9IuEa8FuKMIeZ2cQb1q0tphIPLTiXe4Mh+N5oe1NT5w=="
    },
    "@definejs/tree": {
      "version": "0.1.5",
      "resolved": "https://registry.npmjs.org/@definejs/tree/-/tree-0.1.5.tgz",
      "integrity": "sha512-fuHw1Z2S8NlUUJiafnDc5PplSJflTtwy3cG/NaOT/YO3zcKEiP5DHk2a0Omq1Eeyhe4ynepY8IqhXaH937Uefg==",
      "requires": {
        "@definejs/object": "^0.1.0"
      }
    },
    "circular-json": {
      "version": "0.5.9",
      "resolved": "https://registry.npmjs.org/circular-json/-/circular-json-0.5.9.tgz",
      "integrity": "sha512-4ivwqHpIFJZBuhN3g/pEcdbnGUywkBblloGbkglyloVjjR3uT6tieI89MVOfbP2tHX5sgb01FuLgAOzebNlJNQ=="
    }
  }
}
